
Microsoft Visual Studio Solution File, Format Version 12.00
# Visual Studio Version 16
VisualStudioVersion = 16.0.29424.173
MinimumVisualStudioVersion = 10.0.40219.1
Project("{FAE04EC0-301F-11D3-BF4B-00C04F79EFBC}") = "aber", "aber\aber.csproj", "{88FAA0EC-46A9-41B0-BFBE-67DB821E4E72}"
EndProject
Global
	GlobalSection(SolutionConfigurationPlatforms) = preSolution
		Debug|Any CPU = Debug|Any CPU
		Release|Any CPU = Release|Any CPU
	EndGlobalSection
	GlobalSection(ProjectConfigurationPlatforms) = postSolution
		{88FAA0EC-46A9-41B0-BFBE-67DB821E4E72}.Debug|Any CPU.ActiveCfg = Debug|Any CPU
		{88FAA0EC-46A9-41B0-BFBE-67DB821E4E72}.Debug|Any CPU.Build.0 = Debug|Any CPU
		{88FAA0EC-46A9-41B0-BFBE-67DB821E4E72}.Release|Any CPU.ActiveCfg = Release|Any CPU
		{88FAA0EC-46A9-41B0-BFBE-67DB821E4E72}.Release|Any CPU.Build.0 = Release|Any CPU
	EndGlobalSection
	GlobalSection(SolutionProperties) = preSolution
		HideSolutionNode = FALSE
	EndGlobalSection
	GlobalSection(ExtensibilityGlobals) = postSolution
		SolutionGuid = {DFC4FA4A-605B-4C8E-A890-D3092D94B2E6}
	EndGlobalSection
EndGlobal
